// !$*UTF8*$!
{
	archiveVersion = 1;
	classes = {
	};
	objectVersion = 55;
	objects = {

/* Begin PBXBuildFile section */
		5E3A8DAD28B572C600D95D4B /* Tests_iOS.swift in Sources */ = {isa = PBXBuildFile; fileRef = 5E3A8DAC28B572C600D95D4B /* Tests_iOS.swift */; };
		5E3A8DAF28B572C600D95D4B /* Tests_iOSLaunchTests.swift in Sources */ = {isa = PBXBuildFile; fileRef = 5E3A8DAE28B572C600D95D4B /* Tests_iOSLaunchTests.swift */; };
		5E3A8DB928B572C600D95D4B /* Tests_macOS.swift in Sources */ = {isa = PBXBuildFile; fileRef = 5E3A8DB828B572C600D95D4B /* Tests_macOS.swift */; };
		5E3A8DBB28B572C600D95D4B /* Tests_macOSLaunchTests.swift in Sources */ = {isa = PBXBuildFile; fileRef = 5E3A8DBA28B572C600D95D4B /* Tests_macOSLaunchTests.swift */; };
		5E3A8DBC28B572C600D95D4B /* ImageLoaderApp.swift in Sources */ = {isa = PBXBuildFile; fileRef = 5E3A8D9428B572C100D95D4B /* ImageLoaderApp.swift */; };
		5E3A8DBD28B572C600D95D4B /* ImageLoaderApp.swift in Sources */ = {isa = PBXBuildFile; fileRef = 5E3A8D9428B572C100D95D4B /* ImageLoaderApp.swift */; };
		5E3A8DBE28B572C600D95D4B /* ContentView.swift in Sources */ = {isa = PBXBuildFile; fileRef = 5E3A8D9528B572C100D95D4B /* ContentView.swift */; };
		5E3A8DBF28B572C600D95D4B /* ContentView.swift in Sources */ = {isa = PBXBuildFile; fileRef = 5E3A8D9528B572C100D95D4B /* ContentView.swift */; };
		5E3A8DC028B572C600D95D4B /* Assets.xcassets in Resources */ = {isa = PBXBuildFile; fileRef = 5E3A8D9628B572C500D95D4B /* Assets.xcassets */; };
		5E3A8DC128B572C600D95D4B /* Assets.xcassets in Resources */ = {isa = PBXBuildFile; fileRef = 5E3A8D9628B572C500D95D4B /* Assets.xcassets */; };
/* End PBXBuildFile section */

/* Begin PBXContainerItemProxy section */
		5E3A8DA928B572C600D95D4B /* PBXContainerItemProxy */ = {
			isa = PBXContainerItemProxy;
			containerPortal = 5E3A8D8F28B572C100D95D4B /* Project object */;
			proxyType = 1;
			remoteGlobalIDString = 5E3A8D9A28B572C500D95D4B;
			remoteInfo = "ImageLoader (iOS)";
		};
		5E3A8DB528B572C600D95D4B /* PBXContainerItemProxy */ = {
			isa = PBXContainerItemProxy;
			containerPortal = 5E3A8D8F28B572C100D95D4B /* Project object */;
			proxyType = 1;
			remoteGlobalIDString = 5E3A8DA028B572C600D95D4B;
			remoteInfo = "ImageLoader (macOS)";
		};
/* End PBXContainerItemProxy section */

/* Begin PBXFileReference section */
		5E3A8D9428B572C100D95D4B /* ImageLoaderApp.swift */ = {isa = PBXFileReference; lastKnownFileType = sourcecode.swift; path = ImageLoaderApp.swift; sourceTree = "<group>"; };
		5E3A8D9528B572C100D95D4B /* ContentView.swift */ = {isa = PBXFileReference; lastKnownFileType = sourcecode.swift; path = ContentView.swift; sourceTree = "<group>"; };
		5E3A8D9628B572C500D95D4B /* Assets.xcassets */ = {isa = PBXFileReference; lastKnownFileType = folder.assetcatalog; path = Assets.xcassets; sourceTree = "<group>"; };
		5E3A8D9B28B572C500D95D4B /* ImageLoader.app */ = {isa = PBXFileReference; explicitFileType = wrapper.application; includeInIndex = 0; path = ImageLoader.app; sourceTree = BUILT_PRODUCTS_DIR; };
		5E3A8DA128B572C600D95D4B /* ImageLoader.app */ = {isa = PBXFileReference; explicitFileType = wrapper.application; includeInIndex = 0; path = ImageLoader.app; sourceTree = BUILT_PRODUCTS_DIR; };
		5E3A8DA328B572C600D95D4B /* macOS.entitlements */ = {isa = PBXFileReference; lastKnownFileType = text.plist.entitlements; path = macOS.entitlements; sourceTree = "<group>"; };
		5E3A8DA828B572C600D95D4B /* Tests iOS.xctest */ = {isa = PBXFileReference; explicitFileType = wrapper.cfbundle; includeInIndex = 0; path = "Tests iOS.xctest"; sourceTree = BUILT_PRODUCTS_DIR; };
		5E3A8DAC28B572C600D95D4B /* Tests_iOS.swift */ = {isa = PBXFileReference; lastKnownFileType = sourcecode.swift; path = Tests_iOS.swift; sourceTree = "<group>"; };
		5E3A8DAE28B572C600D95D4B /* Tests_iOSLaunchTests.swift */ = {isa = PBXFileReference; lastKnownFileType = sourcecode.swift; path = Tests_iOSLaunchTests.swift; sourceTree = "<group>"; };
		5E3A8DB428B572C600D95D4B /* Tests macOS.xctest */ = {isa = PBXFileReference; explicitFileType = wrapper.cfbundle; includeInIndex = 0; path = "Tests macOS.xctest"; sourceTree = BUILT_PRODUCTS_DIR; };
		5E3A8DB828B572C600D95D4B /* Tests_macOS.swift */ = {isa = PBXFileReference; lastKnownFileType = sourcecode.swift; path = Tests_macOS.swift; sourceTree = "<group>"; };
		5E3A8DBA28B572C600D95D4B /* Tests_macOSLaunchTests.swift */ = {isa = PBXFileReference; lastKnownFileType = sourcecode.swift; path = Tests_macOSLaunchTests.swift; sourceTree = "<group>"; };
/* End PBXFileReference section */

/* Begin PBXFrameworksBuildPhase section */
		5E3A8D9828B572C500D95D4B /* Frameworks */ = {
			isa = PBXFrameworksBuildPhase;
			buildActionMask = 2147483647;
			files = (
			);
			runOnlyForDeploymentPostprocessing = 0;
		};
		5E3A8D9E28B572C600D95D4B /* Frameworks */ = {
			isa = PBXFrameworksBuildPhase;
			buildActionMask = 2147483647;
			files = (
			);
			runOnlyForDeploymentPostprocessing = 0;
		};
		5E3A8DA528B572C600D95D4B /* Frameworks */ = {
			isa = PBXFrameworksBuildPhase;
			buildActionMask = 2147483647;
			files = (
			);
			runOnlyForDeploymentPostprocessing = 0;
		};
		5E3A8DB128B572C600D95D4B /* Frameworks */ = {
			isa = PBXFrameworksBuildPhase;
			buildActionMask = 2147483647;
			files = (
			);
			runOnlyForDeploymentPostprocessing = 0;
		};
/* End PBXFrameworksBuildPhase section */

/* Begin PBXGroup section */
		5E3A8D8E28B572C100D95D4B = {
			isa = PBXGroup;
			children = (
				5E3A8D9328B572C100D95D4B /* Shared */,
				5E3A8DA228B572C600D95D4B /* macOS */,
				5E3A8DAB28B572C600D95D4B /* Tests iOS */,
				5E3A8DB728B572C600D95D4B /* Tests macOS */,
				5E3A8D9C28B572C500D95D4B /* Products */,
			);
			sourceTree = "<group>";
		};
		5E3A8D9328B572C100D95D4B /* Shared */ = {
			isa = PBXGroup;
			children = (
				5E3A8D9428B572C100D95D4B /* ImageLoaderApp.swift */,
				5E3A8D9528B572C100D95D4B /* ContentView.swift */,
				5E3A8D9628B572C500D95D4B /* Assets.xcassets */,
			);
			path = Shared;
			sourceTree = "<group>";
		};
		5E3A8D9C28B572C500D95D4B /* Products */ = {
			isa = PBXGroup;
			children = (
				5E3A8D9B28B572C500D95D4B /* ImageLoader.app */,
				5E3A8DA128B572C600D95D4B /* ImageLoader.app */,
				5E3A8DA828B572C600D95D4B /* Tests iOS.xctest */,
				5E3A8DB428B572C600D95D4B /* Tests macOS.xctest */,
			);
			name = Products;
			sourceTree = "<group>";
		};
		5E3A8DA228B572C600D95D4B /* macOS */ = {
			isa = PBXGroup;
			children = (
				5E3A8DA328B572C600D95D4B /* macOS.entitlements */,
			);
			path = macOS;
			sourceTree = "<group>";
		};
		5E3A8DAB28B572C600D95D4B /* Tests iOS */ = {
			isa = PBXGroup;
			children = (
				5E3A8DAC28B572C600D95D4B /* Tests_iOS.swift */,
				5E3A8DAE28B572C600D95D4B /* Tests_iOSLaunchTests.swift */,
			);
			path = "Tests iOS";
			sourceTree = "<group>";
		};
		5E3A8DB728B572C600D95D4B /* Tests macOS */ = {
			isa = PBXGroup;
			children = (
				5E3A8DB828B572C600D95D4B /* Tests_macOS.swift */,
				5E3A8DBA28B572C600D95D4B /* Tests_macOSLaunchTests.swift */,
			);
			path = "Tests macOS";
			sourceTree = "<group>";
		};
/* End PBXGroup section */

/* Begin PBXNativeTarget section */
		5E3A8D9A28B572C500D95D4B /* ImageLoader (iOS) */ = {
			isa = PBXNativeTarget;
			buildConfigurationList = 5E3A8DC428B572C600D95D4B /* Build configuration list for PBXNativeTarget "ImageLoader (iOS)" */;
			buildPhases = (
				5E3A8D9728B572C500D95D4B /* Sources */,
				5E3A8D9828B572C500D95D4B /* Frameworks */,
				5E3A8D9928B572C500D95D4B /* Resources */,
			);
			buildRules = (
			);
			dependencies = (
			);
			name = "ImageLoader (iOS)";
			productName = "ImageLoader (iOS)";
			productReference = 5E3A8D9B28B572C500D95D4B /* ImageLoader.app */;
			productType = "com.apple.product-type.application";
		};
		5E3A8DA028B572C600D95D4B /* ImageLoader (macOS) */ = {
			isa = PBXNativeTarget;
			buildConfigurationList = 5E3A8DC728B572C600D95D4B /* Build configuration list for PBXNativeTarget "ImageLoader (macOS)" */;
			buildPhases = (
				5E3A8D9D28B572C600D95D4B /* Sources */,
				5E3A8D9E28B572C600D95D4B /* Frameworks */,
				5E3A8D9F28B572C600D95D4B /* Resources */,
			);
			buildRules = (
			);
			dependencies = (
			);
			name = "ImageLoader (macOS)";
			productName = "ImageLoader (macOS)";
			productReference = 5E3A8DA128B572C600D95D4B /* ImageLoader.app */;
			productType = "com.apple.product-type.application";
		};
		5E3A8DA728B572C600D95D4B /* Tests iOS */ = {
			isa = PBXNativeTarget;
			buildConfigurationList = 5E3A8DCA28B572C600D95D4B /* Build configuration list for PBXNativeTarget "Tests iOS" */;
			buildPhases = (
				5E3A8DA428B572C600D95D4B /* Sources */,
				5E3A8DA528B572C600D95D4B /* Frameworks */,
				5E3A8DA628B572C600D95D4B /* Resources */,
			);
			buildRules = (
			);
			dependencies = (
				5E3A8DAA28B572C600D95D4B /* PBXTargetDependency */,
			);
			name = "Tests iOS";
			productName = "Tests iOS";
			productReference = 5E3A8DA828B572C600D95D4B /* Tests iOS.xctest */;
			productType = "com.apple.product-type.bundle.ui-testing";
		};
		5E3A8DB328B572C600D95D4B /* Tests macOS */ = {
			isa = PBXNativeTarget;
			buildConfigurationList = 5E3A8DCD28B572C600D95D4B /* Build configuration list for PBXNativeTarget "Tests macOS" */;
			buildPhases = (
				5E3A8DB028B572C600D95D4B /* Sources */,
				5E3A8DB128B572C600D95D4B /* Frameworks */,
				5E3A8DB228B572C600D95D4B /* Resources */,
			);
			buildRules = (
			);
			dependencies = (
				5E3A8DB628B572C600D95D4B /* PBXTargetDependency */,
			);
			name = "Tests macOS";
			productName = "Tests macOS";
			productReference = 5E3A8DB428B572C600D95D4B /* Tests macOS.xctest */;
			productType = "com.apple.product-type.bundle.ui-testing";
		};
/* End PBXNativeTarget section */

/* Begin PBXProject section */
		5E3A8D8F28B572C100D95D4B /* Project object */ = {
			isa = PBXProject;
			attributes = {
				BuildIndependentTargetsInParallel = 1;
				LastSwiftUpdateCheck = 1340;
				LastUpgradeCheck = 1340;
				TargetAttributes = {
					5E3A8D9A28B572C500D95D4B = {
						CreatedOnToolsVersion = 13.4.1;
					};
					5E3A8DA028B572C600D95D4B = {
						CreatedOnToolsVersion = 13.4.1;
					};
					5E3A8DA728B572C600D95D4B = {
						CreatedOnToolsVersion = 13.4.1;
						TestTargetID = 5E3A8D9A28B572C500D95D4B;
					};
					5E3A8DB328B572C600D95D4B = {
						CreatedOnToolsVersion = 13.4.1;
						TestTargetID = 5E3A8DA028B572C600D95D4B;
					};
				};
			};
			buildConfigurationList = 5E3A8D9228B572C100D95D4B /* Build configuration list for PBXProject "ImageLoader" */;
			compatibilityVersion = "Xcode 13.0";
			developmentRegion = en;
			hasScannedForEncodings = 0;
			knownRegions = (
				en,
				Base,
			);
			mainGroup = 5E3A8D8E28B572C100D95D4B;
			productRefGroup = 5E3A8D9C28B572C500D95D4B /* Products */;
			projectDirPath = "";
			projectRoot = "";
			targets = (
				5E3A8D9A28B572C500D95D4B /* ImageLoader (iOS) */,
				5E3A8DA028B572C600D95D4B /* ImageLoader (macOS) */,
				5E3A8DA728B572C600D95D4B /* Tests iOS */,
				5E3A8DB328B572C600D95D4B /* Tests macOS */,
			);
		};
/* End PBXProject section */

/* Begin PBXResourcesBuildPhase section */
		5E3A8D9928B572C500D95D4B /* Resources */ = {
			isa = PBXResourcesBuildPhase;
			buildActionMask = 2147483647;
			files = (
				5E3A8DC028B572C600D95D4B /* Assets.xcassets in Resources */,
			);
			runOnlyForDeploymentPostprocessing = 0;
		};
		5E3A8D9F28B572C600D95D4B /* Resources */ = {
			isa = PBXResourcesBuildPhase;
			buildActionMask = 2147483647;
			files = (
				5E3A8DC128B572C600D95D4B /* Assets.xcassets in Resources */,
			);
			runOnlyForDeploymentPostprocessing = 0;
		};
		5E3A8DA628B572C600D95D4B /* Resources */ = {
			isa = PBXResourcesBuildPhase;
			buildActionMask = 2147483647;
			files = (
			);
			runOnlyForDeploymentPostprocessing = 0;
		};
		5E3A8DB228B572C600D95D4B /* Resources */ = {
			isa = PBXResourcesBuildPhase;
			buildActionMask = 2147483647;
			files = (
			);
			runOnlyForDeploymentPostprocessing = 0;
		};
/* End PBXResourcesBuildPhase section */

/* Begin PBXSourcesBuildPhase section */
		5E3A8D9728B572C500D95D4B /* Sources */ = {
			isa = PBXSourcesBuildPhase;
			buildActionMask = 2147483647;
			files = (
				5E3A8DBE28B572C600D95D4B /* ContentView.swift in Sources */,
				5E3A8DBC28B572C600D95D4B /* ImageLoaderApp.swift in Sources */,
			);
			runOnlyForDeploymentPostprocessing = 0;
		};
		5E3A8D9D28B572C600D95D4B /* Sources */ = {
			isa = PBXSourcesBuildPhase;
			buildActionMask = 2147483647;
			files = (
				5E3A8DBF28B572C600D95D4B /* ContentView.swift in Sources */,
				5E3A8DBD28B572C600D95D4B /* ImageLoaderApp.swift in Sources */,
			);
			runOnlyForDeploymentPostprocessing = 0;
		};
		5E3A8DA428B572C600D95D4B /* Sources */ = {
			isa = PBXSourcesBuildPhase;
			buildActionMask = 2147483647;
			files = (
				5E3A8DAF28B572C600D95D4B /* Tests_iOSLaunchTests.swift in Sources */,
				5E3A8DAD28B572C600D95D4B /* Tests_iOS.swift in Sources */,
			);
			runOnlyForDeploymentPostprocessing = 0;
		};
		5E3A8DB028B572C600D95D4B /* Sources */ = {
			isa = PBXSourcesBuildPhase;
			buildActionMask = 2147483647;
			files = (
				5E3A8DBB28B572C600D95D4B /* Tests_macOSLaunchTests.swift in Sources */,
				5E3A8DB928B572C600D95D4B /* Tests_macOS.swift in Sources */,
			);
			runOnlyForDeploymentPostprocessing = 0;
		};
/* End PBXSourcesBuildPhase section */

/* Begin PBXTargetDependency section */
		5E3A8DAA28B572C600D95D4B /* PBXTargetDependency */ = {
			isa = PBXTargetDependency;
			target = 5E3A8D9A28B572C500D95D4B /* ImageLoader (iOS) */;
			targetProxy = 5E3A8DA928B572C600D95D4B /* PBXContainerItemProxy */;
		};
		5E3A8DB628B572C600D95D4B /* PBXTargetDependency */ = {
			isa = PBXTargetDependency;
			target = 5E3A8DA028B572C600D95D4B /* ImageLoader (macOS) */;
			targetProxy = 5E3A8DB528B572C600D95D4B /* PBXContainerItemProxy */;
		};
/* End PBXTargetDependency section */

/* Begin XCBuildConfiguration section */
		5E3A8DC228B572C600D95D4B /* Debug */ = {
			isa = XCBuildConfiguration;
			buildSettings = {
				ALWAYS_SEARCH_USER_PATHS = NO;
				CLANG_ANALYZER_NONNULL = YES;
				CLANG_ANALYZER_NUMBER_OBJECT_CONVERSION = YES_AGGRESSIVE;
				CLANG_CXX_LANGUAGE_STANDARD = "gnu++17";
				CLANG_ENABLE_MODULES = YES;
				CLANG_ENABLE_OBJC_ARC = YES;
				CLANG_ENABLE_OBJC_WEAK = YES;
				CLANG_WARN_BLOCK_CAPTURE_AUTORELEASING = YES;
				CLANG_WARN_BOOL_CONVERSION = YES;
				CLANG_WARN_COMMA = YES;
				CLANG_WARN_CONSTANT_CONVERSION = YES;
				CLANG_WARN_DEPRECATED_OBJC_IMPLEMENTATIONS = YES;
				CLANG_WARN_DIRECT_OBJC_ISA_USAGE = YES_ERROR;
				CLANG_WARN_DOCUMENTATION_COMMENTS = YES;
				CLANG_WARN_EMPTY_BODY = YES;
				CLANG_WARN_ENUM_CONVERSION = YES;
				CLANG_WARN_INFINITE_RECURSION = YES;
				CLANG_WARN_INT_CONVERSION = YES;
				CLANG_WARN_NON_LITERAL_NULL_CONVERSION = YES;
				CLANG_WARN_OBJC_IMPLICIT_RETAIN_SELF = YES;
				CLANG_WARN_OBJC_LITERAL_CONVERSION = YES;
				CLANG_WARN_OBJC_ROOT_CLASS = YES_ERROR;
				CLANG_WARN_QUOTED_INCLUDE_IN_FRAMEWORK_HEADER = YES;
				CLANG_WARN_RANGE_LOOP_ANALYSIS = YES;
				CLANG_WARN_STRICT_PROTOTYPES = YES;
				CLANG_WARN_SUSPICIOUS_MOVE = YES;
				CLANG_WARN_UNGUARDED_AVAILABILITY = YES_AGGRESSIVE;
				CLANG_WARN_UNREACHABLE_CODE = YES;
				CLANG_WARN__DUPLICATE_METHOD_MATCH = YES;
				COPY_PHASE_STRIP = NO;
				DEBUG_INFORMATION_FORMAT = dwarf;
				ENABLE_STRICT_OBJC_MSGSEND = YES;
				ENABLE_TESTABILITY = YES;
				GCC_C_LANGUAGE_STANDARD = gnu11;
				GCC_DYNAMIC_NO_PIC = NO;
				GCC_NO_COMMON_BLOCKS = YES;
				GCC_OPTIMIZATION_LEVEL = 0;
				GCC_PREPROCESSOR_DEFINITIONS = (
					"DEBUG=1",
					"$(inherited)",
				);
				GCC_WARN_64_TO_32_BIT_CONVERSION = YES;
				GCC_WARN_ABOUT_RETURN_TYPE = YES_ERROR;
				GCC_WARN_UNDECLARED_SELECTOR = YES;
				GCC_WARN_UNINITIALIZED_AUTOS = YES_AGGRESSIVE;
				GCC_WARN_UNUSED_FUNCTION = YES;
				GCC_WARN_UNUSED_VARIABLE = YES;
				MTL_ENABLE_DEBUG_INFO = INCLUDE_SOURCE;
				MTL_FAST_MATH = YES;
				ONLY_ACTIVE_ARCH = YES;
				SWIFT_ACTIVE_COMPILATION_CONDITIONS = DEBUG;
				SWIFT_OPTIMIZATION_LEVEL = "-Onone";
			};
			name = Debug;
		};
		5E3A8DC328B572C600D95D4B /* Release */ = {
			isa = XCBuildConfiguration;
			buildSettings = {
				ALWAYS_SEARCH_USER_PATHS = NO;
				CLANG_ANALYZER_NONNULL = YES;
				CLANG_ANALYZER_NUMBER_OBJECT_CONVERSION = YES_AGGRESSIVE;
				CLANG_CXX_LANGUAGE_STANDARD = "gnu++17";
				CLANG_ENABLE_MODULES = YES;
				CLANG_ENABLE_OBJC_ARC = YES;
				CLANG_ENABLE_OBJC_WEAK = YES;
				CLANG_WARN_BLOCK_CAPTURE_AUTORELEASING = YES;
				CLANG_WARN_BOOL_CONVERSION = YES;
				CLANG_WARN_COMMA = YES;
				CLANG_WARN_CONSTANT_CONVERSION = YES;
				CLANG_WARN_DEPRECATED_OBJC_IMPLEMENTATIONS = YES;
				CLANG_WARN_DIRECT_OBJC_ISA_USAGE = YES_ERROR;
				CLANG_WARN_DOCUMENTATION_COMMENTS = YES;
				CLANG_WARN_EMPTY_BODY = YES;
				CLANG_WARN_ENUM_CONVERSION = YES;
				CLANG_WARN_INFINITE_RECURSION = YES;
				CLANG_WARN_INT_CONVERSION = YES;
				CLANG_WARN_NON_LITERAL_NULL_CONVERSION = YES;
				CLANG_WARN_OBJC_IMPLICIT_RETAIN_SELF = YES;
				CLANG_WARN_OBJC_LITERAL_CONVERSION = YES;
				CLANG_WARN_OBJC_ROOT_CLASS = YES_ERROR;
				CLANG_WARN_QUOTED_INCLUDE_IN_FRAMEWORK_HEADER = YES;
				CLANG_WARN_RANGE_LOOP_ANALYSIS = YES;
				CLANG_WARN_STRICT_PROTOTYPES = YES;
				CLANG_WARN_SUSPICIOUS_MOVE = YES;
				CLANG_WARN_UNGUARDED_AVAILABILITY = YES_AGGRESSIVE;
				CLANG_WARN_UNREACHABLE_CODE = YES;
				CLANG_WARN__DUPLICATE_METHOD_MATCH = YES;
				COPY_PHASE_STRIP = NO;
				DEBUG_INFORMATION_FORMAT = "dwarf-with-dsym";
				ENABLE_NS_ASSERTIONS = NO;
				ENABLE_STRICT_OBJC_MSGSEND = YES;
				GCC_C_LANGUAGE_STANDARD = gnu11;
				GCC_NO_COMMON_BLOCKS = YES;
				GCC_WARN_64_TO_32_BIT_CONVERSION = YES;
				GCC_WARN_ABOUT_RETURN_TYPE = YES_ERROR;
				GCC_WARN_UNDECLARED_SELECTOR = YES;
				GCC_WARN_UNINITIALIZED_AUTOS = YES_AGGRESSIVE;
				GCC_WARN_UNUSED_FUNCTION = YES;
				GCC_WARN_UNUSED_VARIABLE = YES;
				MTL_ENABLE_DEBUG_INFO = NO;
				MTL_FAST_MATH = YES;
				SWIFT_COMPILATION_MODE = wholemodule;
				SWIFT_OPTIMIZATION_LEVEL = "-O";
			};
			name = Release;
		};
		5E3A8DC528B572C600D95D4B /* Debug */ = {
			isa = XCBuildConfiguration;
			buildSettings = {
				ASSETCATALOG_COMPILER_APPICON_NAME = AppIcon;
				ASSETCATALOG_COMPILER_GLOBAL_ACCENT_COLOR_NAME = AccentColor;
				CODE_SIGN_STYLE = Automatic;
				CURRENT_PROJECT_VERSION = 1;
				DEVELOPMENT_TEAM = DF9B9P2SM8;
				ENABLE_PREVIEWS = YES;
				GENERATE_INFOPLIST_FILE = YES;
				INFOPLIST_KEY_UIApplicationSceneManifest_Generation = YES;
				INFOPLIST_KEY_UIApplicationSupportsIndirectInputEvents = YES;
				INFOPLIST_KEY_UILaunchScreen_Generation = YES;
				INFOPLIST_KEY_UISupportedInterfaceOrientations_iPad = "UIInterfaceOrientationPortrait UIInterfaceOrientationPortraitUpsideDown UIInterfaceOrientationLandscapeLeft UIInterfaceOrientationLandscapeRight";
				INFOPLIST_KEY_UISupportedInterfaceOrientations_iPhone = "UIInterfaceOrientationPortrait UIInterfaceOrientationLandscapeLeft UIInterfaceOrientationLandscapeRight";
				IPHONEOS_DEPLOYMENT_TARGET = 15.5;
				LD_RUNPATH_SEARCH_PATHS = (
					"$(inherited)",
					"@executable_path/Frameworks",
				);
				MARKETING_VERSION = 1.0;
				PRODUCT_BUNDLE_IDENTIFIER = com.george.kapoya.ImageLoader;
				PRODUCT_NAME = ImageLoader;
				SDKROOT = iphoneos;
				SWIFT_EMIT_LOC_STRINGS = YES;
				SWIFT_VERSION = 5.0;
				TARGETED_DEVICE_FAMILY = "1,2";
			};
			name = Debug;
		};
		5E3A8DC628B572C600D95D4B /* Release */ = {
			isa = XCBuildConfiguration;
			buildSettings = {
				ASSETCATALOG_COMPILER_APPICON_NAME = AppIcon;
				ASSETCATALOG_COMPILER_GLOBAL_ACCENT_COLOR_NAME = AccentColor;
				CODE_SIGN_STYLE = Automatic;
				CURRENT_PROJECT_VERSION = 1;
				DEVELOPMENT_TEAM = DF9B9P2SM8;
				ENABLE_PREVIEWS = YES;
				GENERATE_INFOPLIST_FILE = YES;
				INFOPLIST_KEY_UIApplicationSceneManifest_Generation = YES;
				INFOPLIST_KEY_UIApplicationSupportsIndirectInputEvents = YES;
				INFOPLIST_KEY_UILaunchScreen_Generation = YES;
				INFOPLIST_KEY_UISupportedInterfaceOrientations_iPad = "UIInterfaceOrientationPortrait UIInterfaceOrientationPortraitUpsideDown UIInterfaceOrientationLandscapeLeft UIInterfaceOrientationLandscapeRight";
				INFOPLIST_KEY_UISupportedInterfaceOrientations_iPhone = "UIInterfaceOrientationPortrait UIInterfaceOrientationLandscapeLeft UIInterfaceOrientationLandscapeRight";
				IPHONEOS_DEPLOYMENT_TARGET = 15.5;
				LD_RUNPATH_SEARCH_PATHS = (
					"$(inherited)",
					"@executable_path/Frameworks",
				);
				MARKETING_VERSION = 1.0;
				PRODUCT_BUNDLE_IDENTIFIER = com.george.kapoya.ImageLoader;
				PRODUCT_NAME = ImageLoader;
				SDKROOT = iphoneos;
				SWIFT_EMIT_LOC_STRINGS = YES;
				SWIFT_VERSION = 5.0;
				TARGETED_DEVICE_FAMILY = "1,2";
				VALIDATE_PRODUCT = YES;
			};
			name = Release;
		};
		5E3A8DC828B572C600D95D4B /* Debug */ = {
			isa = XCBuildConfiguration;
			buildSettings = {
				ASSETCATALOG_COMPILER_APPICON_NAME = AppIcon;
				ASSETCATALOG_COMPILER_GLOBAL_ACCENT_COLOR_NAME = AccentColor;
				CODE_SIGN_ENTITLEMENTS = macOS/macOS.entitlements;
				CODE_SIGN_STYLE = Automatic;
				COMBINE_HIDPI_IMAGES = YES;
				CURRENT_PROJECT_VERSION = 1;
				DEVELOPMENT_TEAM = DF9B9P2SM8;
				ENABLE_HARDENED_RUNTIME = YES;
				ENABLE_PREVIEWS = YES;
				GENERATE_INFOPLIST_FILE = YES;
				INFOPLIST_KEY_NSHumanReadableCopyright = "";
				LD_RUNPATH_SEARCH_PATHS = (
					"$(inherited)",
					"@executable_path/../Frameworks",
				);
				MACOSX_DEPLOYMENT_TARGET = 12.3;
				MARKETING_VERSION = 1.0;
				PRODUCT_BUNDLE_IDENTIFIER = com.george.kapoya.ImageLoader;
				PRODUCT_NAME = ImageLoader;
				SDKROOT = macosx;
				SWIFT_EMIT_LOC_STRINGS = YES;
				SWIFT_VERSION = 5.0;
			};
			name = Debug;
		};
		5E3A8DC928B572C600D95D4B /* Release */ = {
			isa = XCBuildConfiguration;
			buildSettings = {
				ASSETCATALOG_COMPILER_APPICON_NAME = AppIcon;
				ASSETCATALOG_COMPILER_GLOBAL_ACCENT_COLOR_NAME = AccentColor;
				CODE_SIGN_ENTITLEMENTS = macOS/macOS.entitlements;
				CODE_SIGN_STYLE = Automatic;
				COMBINE_HIDPI_IMAGES = YES;
				CURRENT_PROJECT_VERSION = 1;
				DEVELOPMENT_TEAM = DF9B9P2SM8;
				ENABLE_HARDENED_RUNTIME = YES;
				ENABLE_PREVIEWS = YES;
				GENERATE_INFOPLIST_FILE = YES;
				INFOPLIST_KEY_NSHumanReadableCopyright = "";
				LD_RUNPATH_SEARCH_PATHS = (
					"$(inherited)",
					"@executable_path/../Frameworks",
				);
				MACOSX_DEPLOYMENT_TARGET = 12.3;
				MARKETING_VERSION = 1.0;
				PRODUCT_BUNDLE_IDENTIFIER = com.george.kapoya.ImageLoader;
				PRODUCT_NAME = ImageLoader;
				SDKROOT = macosx;
				SWIFT_EMIT_LOC_STRINGS = YES;
				SWIFT_VERSION = 5.0;
			};
			name = Release;
		};
		5E3A8DCB28B572C600D95D4B /* Debug */ = {
			isa = XCBuildConfiguration;
			buildSettings = {
				ALWAYS_EMBED_SWIFT_STANDARD_LIBRARIES = YES;
				CODE_SIGN_STYLE = Automatic;
				CURRENT_PROJECT_VERSION = 1;
				DEVELOPMENT_TEAM = DF9B9P2SM8;
				GENERATE_INFOPLIST_FILE = YES;
				IPHONEOS_DEPLOYMENT_TARGET = 15.5;
				MARKETING_VERSION = 1.0;
				PRODUCT_BUNDLE_IDENTIFIER = "com.george.kapoya.Tests-iOS";
				PRODUCT_NAME = "$(TARGET_NAME)";
				SDKROOT = iphoneos;
				SWIFT_EMIT_LOC_STRINGS = NO;
				SWIFT_VERSION = 5.0;
				TARGETED_DEVICE_FAMILY = "1,2";
				TEST_TARGET_NAME = "ImageLoader (iOS)";
			};
			name = Debug;
		};
		5E3A8DCC28B572C600D95D4B /* Release */ = {
			isa = XCBuildConfiguration;
			buildSettings = {
				ALWAYS_EMBED_SWIFT_STANDARD_LIBRARIES = YES;
				CODE_SIGN_STYLE = Automatic;
				CURRENT_PROJECT_VERSION = 1;
				DEVELOPMENT_TEAM = DF9B9P2SM8;
				GENERATE_INFOPLIST_FILE = YES;
				IPHONEOS_DEPLOYMENT_TARGET = 15.5;
				MARKETING_VERSION = 1.0;
				PRODUCT_BUNDLE_IDENTIFIER = "com.george.kapoya.Tests-iOS";
				PRODUCT_NAME = "$(TARGET_NAME)";
				SDKROOT = iphoneos;
				SWIFT_EMIT_LOC_STRINGS = NO;
				SWIFT_VERSION = 5.0;
				TARGETED_DEVICE_FAMILY = "1,2";
				TEST_TARGET_NAME = "ImageLoader (iOS)";
				VALIDATE_PRODUCT = YES;
			};
			name = Release;
		};
		5E3A8DCE28B572C600D95D4B /* Debug */ = {
			isa = XCBuildConfiguration;
			buildSettings = {
				ALWAYS_EMBED_SWIFT_STANDARD_LIBRARIES = YES;
				CODE_SIGN_STYLE = Automatic;
				CURRENT_PROJECT_VERSION = 1;
				DEVELOPMENT_TEAM = DF9B9P2SM8;
				GENERATE_INFOPLIST_FILE = YES;
				MACOSX_DEPLOYMENT_TARGET = 12.3;
				MARKETING_VERSION = 1.0;
				PRODUCT_BUNDLE_IDENTIFIER = "com.george.kapoya.Tests-macOS";
				PRODUCT_NAME = "$(TARGET_NAME)";
				SDKROOT = macosx;
				SWIFT_EMIT_LOC_STRINGS = NO;
				SWIFT_VERSION = 5.0;
				TEST_TARGET_NAME = "ImageLoader (macOS)";
			};
			name = Debug;
		};
		5E3A8DCF28B572C600D95D4B /* Release */ = {
			isa = XCBuildConfiguration;
			buildSettings = {
				ALWAYS_EMBED_SWIFT_STANDARD_LIBRARIES = YES;
				CODE_SIGN_STYLE = Automatic;
				CURRENT_PROJECT_VERSION = 1;
				DEVELOPMENT_TEAM = DF9B9P2SM8;
				GENERATE_INFOPLIST_FILE = YES;
				MACOSX_DEPLOYMENT_TARGET = 12.3;
				MARKETING_VERSION = 1.0;
				PRODUCT_BUNDLE_IDENTIFIER = "com.george.kapoya.Tests-macOS";
				PRODUCT_NAME = "$(TARGET_NAME)";
				SDKROOT = macosx;
				SWIFT_EMIT_LOC_STRINGS = NO;
				SWIFT_VERSION = 5.0;
				TEST_TARGET_NAME = "ImageLoader (macOS)";
			};
			name = Release;
		};
/* End XCBuildConfiguration section */

/* Begin XCConfigurationList section */
		5E3A8D9228B572C100D95D4B /* Build configuration list for PBXProject "ImageLoader" */ = {
			isa = XCConfigurationList;
			buildConfigurations = (
				5E3A8DC228B572C600D95D4B /* Debug */,
				5E3A8DC328B572C600D95D4B /* Release */,
			);
			defaultConfigurationIsVisible = 0;
			defaultConfigurationName = Release;
		};
		5E3A8DC428B572C600D95D4B /* Build configuration list for PBXNativeTarget "ImageLoader (iOS)" */ = {
			isa = XCConfigurationList;
			buildConfigurations = (
				5E3A8DC528B572C600D95D4B /* Debug */,
				5E3A8DC628B572C600D95D4B /* Release */,
			);
			defaultConfigurationIsVisible = 0;
			defaultConfigurationName = Release;
		};
		5E3A8DC728B572C600D95D4B /* Build configuration list for PBXNativeTarget "ImageLoader (macOS)" */ = {
			isa = XCConfigurationList;
			buildConfigurations = (
				5E3A8DC828B572C600D95D4B /* Debug */,
				5E3A8DC928B572C600D95D4B /* Release */,
			);
			defaultConfigurationIsVisible = 0;
			defaultConfigurationName = Release;
		};
		5E3A8DCA28B572C600D95D4B /* Build configuration list for PBXNativeTarget "Tests iOS" */ = {
			isa = XCConfigurationList;
			buildConfigurations = (
				5E3A8DCB28B572C600D95D4B /* Debug */,
				5E3A8DCC28B572C600D95D4B /* Release */,
			);
			defaultConfigurationIsVisible = 0;
			defaultConfigurationName = Release;
		};
		5E3A8DCD28B572C600D95D4B /* Build configuration list for PBXNativeTarget "Tests macOS" */ = {
			isa = XCConfigurationList;
			buildConfigurations = (
				5E3A8DCE28B572C600D95D4B /* Debug */,
				5E3A8DCF28B572C600D95D4B /* Release */,
			);
			defaultConfigurationIsVisible = 0;
			defaultConfigurationName = Release;
		};
/* End XCConfigurationList section */
	};
	rootObject = 5E3A8D8F28B572C100D95D4B /* Project object */;
}
